
Microsoft Visual Studio Solution File, Format Version 12.00
# Visual Studio Version 16
VisualStudioVersion = 16.0.29609.76
MinimumVisualStudioVersion = 10.0.40219.1
Project("{FAE04EC0-301F-11D3-BF4B-00C04F79EFBC}") = "DilProjesi.DOMAIN", "DilProjesi.DOMAIN\DilProjesi.DOMAIN.csproj", "{289AEB41-B9A3-48DE-AE68-FA85725DD954}"
EndProject
Project("{FAE04EC0-301F-11D3-BF4B-00C04F79EFBC}") = "DilProjesi.COMMON", "DilProjesi.COMMON\DilProjesi.COMMON.csproj", "{B72A5C4F-239F-46D3-A6AD-C029A0F5F4A4}"
EndProject
Project("{2150E333-8FDC-42A3-9474-1A3956D46DE8}") = "Core", "Core", "{386CF873-B8F5-4E4A-8CD1-BD9999D40B93}"
EndProject
Project("{FAE04EC0-301F-11D3-BF4B-00C04F79EFBC}") = "DilProjesi.DAL", "DilProjesi.DAL\DilProjesi.DAL.csproj", "{03D185B3-468B-44EF-AC2B-11AEEBB78816}"
EndProject
Project("{2150E333-8FDC-42A3-9474-1A3956D46DE8}") = "Base", "Base", "{4C836426-DA40-4722-9947-33F9A602AE9F}"
EndProject
Project("{2150E333-8FDC-42A3-9474-1A3956D46DE8}") = "Presentation", "Presentation", "{E1769A8F-9212-4A97-865F-FCBC3F684944}"
EndProject
Project("{FAE04EC0-301F-11D3-BF4B-00C04F79EFBC}") = "DilProjesi.Web", "DilProjesi.Web\DilProjesi.Web.csproj", "{D9257520-2486-4CC0-A837-C9D018173206}"
EndProject
Project("{FAE04EC0-301F-11D3-BF4B-00C04F79EFBC}") = "DilProjesi.BLL", "DilProjesi.BLL\DilProjesi.BLL.csproj", "{280BCF5E-0AA4-4FF6-9DA2-D1773798ECC1}"
EndProject
Global
	GlobalSection(SolutionConfigurationPlatforms) = preSolution
		Debug|Any CPU = Debug|Any CPU
		Release|Any CPU = Release|Any CPU
	EndGlobalSection
	GlobalSection(ProjectConfigurationPlatforms) = postSolution
		{289AEB41-B9A3-48DE-AE68-FA85725DD954}.Debug|Any CPU.ActiveCfg = Debug|Any CPU
		{289AEB41-B9A3-48DE-AE68-FA85725DD954}.Debug|Any CPU.Build.0 = Debug|Any CPU
		{289AEB41-B9A3-48DE-AE68-FA85725DD954}.Release|Any CPU.ActiveCfg = Release|Any CPU
		{289AEB41-B9A3-48DE-AE68-FA85725DD954}.Release|Any CPU.Build.0 = Release|Any CPU
		{B72A5C4F-239F-46D3-A6AD-C029A0F5F4A4}.Debug|Any CPU.ActiveCfg = Debug|Any CPU
		{B72A5C4F-239F-46D3-A6AD-C029A0F5F4A4}.Debug|Any CPU.Build.0 = Debug|Any CPU
		{B72A5C4F-239F-46D3-A6AD-C029A0F5F4A4}.Release|Any CPU.ActiveCfg = Release|Any CPU
		{B72A5C4F-239F-46D3-A6AD-C029A0F5F4A4}.Release|Any CPU.Build.0 = Release|Any CPU
		{03D185B3-468B-44EF-AC2B-11AEEBB78816}.Debug|Any CPU.ActiveCfg = Debug|Any CPU
		{03D185B3-468B-44EF-AC2B-11AEEBB78816}.Debug|Any CPU.Build.0 = Debug|Any CPU
		{03D185B3-468B-44EF-AC2B-11AEEBB78816}.Release|Any CPU.ActiveCfg = Release|Any CPU
		{03D185B3-468B-44EF-AC2B-11AEEBB78816}.Release|Any CPU.Build.0 = Release|Any CPU
		{D9257520-2486-4CC0-A837-C9D018173206}.Debug|Any CPU.ActiveCfg = Debug|Any CPU
		{D9257520-2486-4CC0-A837-C9D018173206}.Debug|Any CPU.Build.0 = Debug|Any CPU
		{D9257520-2486-4CC0-A837-C9D018173206}.Release|Any CPU.ActiveCfg = Release|Any CPU
		{D9257520-2486-4CC0-A837-C9D018173206}.Release|Any CPU.Build.0 = Release|Any CPU
		{280BCF5E-0AA4-4FF6-9DA2-D1773798ECC1}.Debug|Any CPU.ActiveCfg = Debug|Any CPU
		{280BCF5E-0AA4-4FF6-9DA2-D1773798ECC1}.Debug|Any CPU.Build.0 = Debug|Any CPU
		{280BCF5E-0AA4-4FF6-9DA2-D1773798ECC1}.Release|Any CPU.ActiveCfg = Release|Any CPU
		{280BCF5E-0AA4-4FF6-9DA2-D1773798ECC1}.Release|Any CPU.Build.0 = Release|Any CPU
	EndGlobalSection
	GlobalSection(SolutionProperties) = preSolution
		HideSolutionNode = FALSE
	EndGlobalSection
	GlobalSection(NestedProjects) = preSolution
		{289AEB41-B9A3-48DE-AE68-FA85725DD954} = {4C836426-DA40-4722-9947-33F9A602AE9F}
		{B72A5C4F-239F-46D3-A6AD-C029A0F5F4A4} = {4C836426-DA40-4722-9947-33F9A602AE9F}
		{03D185B3-468B-44EF-AC2B-11AEEBB78816} = {386CF873-B8F5-4E4A-8CD1-BD9999D40B93}
		{D9257520-2486-4CC0-A837-C9D018173206} = {E1769A8F-9212-4A97-865F-FCBC3F684944}
		{280BCF5E-0AA4-4FF6-9DA2-D1773798ECC1} = {386CF873-B8F5-4E4A-8CD1-BD9999D40B93}
	EndGlobalSection
	GlobalSection(ExtensibilityGlobals) = postSolution
		SolutionGuid = {7CF7749B-012A-44CF-9467-828907A23EC7}
	EndGlobalSection
EndGlobal
